
Microsoft Visual Studio Solution File, Format Version 12.00
# Visual Studio Version 17
VisualStudioVersion = 17.9.34728.123
MinimumVisualStudioVersion = 10.0.40219.1
Project("{FAE04EC0-301F-11D3-BF4B-00C04F79EFBC}") = "ExIdade", "ExIdade\ExIdade.csproj", "{E09C7198-C55A-49DF-A6DE-047DCDEA5D2B}"
EndProject
Global
	GlobalSection(SolutionConfigurationPlatforms) = preSolution
		Debug|Any CPU = Debug|Any CPU
		Release|Any CPU = Release|Any CPU
	EndGlobalSection
	GlobalSection(ProjectConfigurationPlatforms) = postSolution
		{E09C7198-C55A-49DF-A6DE-047DCDEA5D2B}.Debug|Any CPU.ActiveCfg = Debug|Any CPU
		{E09C7198-C55A-49DF-A6DE-047DCDEA5D2B}.Debug|Any CPU.Build.0 = Debug|Any CPU
		{E09C7198-C55A-49DF-A6DE-047DCDEA5D2B}.Release|Any CPU.ActiveCfg = Release|Any CPU
		{E09C7198-C55A-49DF-A6DE-047DCDEA5D2B}.Release|Any CPU.Build.0 = Release|Any CPU
	EndGlobalSection
	GlobalSection(SolutionProperties) = preSolution
		HideSolutionNode = FALSE
	EndGlobalSection
	GlobalSection(ExtensibilityGlobals) = postSolution
		SolutionGuid = {770A51EF-2328-485F-B135-B1B884E1EA00}
	EndGlobalSection
EndGlobal
